
Microsoft Visual Studio Solution File, Format Version 11.00
# Visual Studio 2010
Project("{FAE04EC0-301F-11D3-BF4B-00C04F79EFBC}") = "newHeart", "Assembly-CSharp.csproj", "{95A8F6EF-3427-A483-B666-160C8A586B1D}"
EndProject
Project("{FAE04EC0-301F-11D3-BF4B-00C04F79EFBC}") = "newHeart", "Assembly-CSharp-Editor.csproj", "{C0FF6DB9-866A-3454-52F0-A20DC1106D2C}"
EndProject
Project("{98BFCC10-C706-3245-F7BB-C77C7468C751}") = "newHeart", "Assembly-UnityScript.unityproj", "{9C119C3C-A3CF-5D22-9B25-E98672F8EB1E}"
EndProject
Global
	GlobalSection(SolutionConfigurationPlatforms) = preSolution
		Debug|Any CPU = Debug|Any CPU
		Release|Any CPU = Release|Any CPU
	EndGlobalSection
	GlobalSection(ProjectConfigurationPlatforms) = postSolution
		{95A8F6EF-3427-A483-B666-160C8A586B1D}.Debug|Any CPU.ActiveCfg = Debug|Any CPU
		{95A8F6EF-3427-A483-B666-160C8A586B1D}.Debug|Any CPU.Build.0 = Debug|Any CPU
		{95A8F6EF-3427-A483-B666-160C8A586B1D}.Release|Any CPU.ActiveCfg = Release|Any CPU
		{95A8F6EF-3427-A483-B666-160C8A586B1D}.Release|Any CPU.Build.0 = Release|Any CPU
		{C0FF6DB9-866A-3454-52F0-A20DC1106D2C}.Debug|Any CPU.ActiveCfg = Debug|Any CPU
		{C0FF6DB9-866A-3454-52F0-A20DC1106D2C}.Debug|Any CPU.Build.0 = Debug|Any CPU
		{C0FF6DB9-866A-3454-52F0-A20DC1106D2C}.Release|Any CPU.ActiveCfg = Release|Any CPU
		{C0FF6DB9-866A-3454-52F0-A20DC1106D2C}.Release|Any CPU.Build.0 = Release|Any CPU
		{9C119C3C-A3CF-5D22-9B25-E98672F8EB1E}.Debug|Any CPU.ActiveCfg = Debug|Any CPU
		{9C119C3C-A3CF-5D22-9B25-E98672F8EB1E}.Debug|Any CPU.Build.0 = Debug|Any CPU
		{9C119C3C-A3CF-5D22-9B25-E98672F8EB1E}.Release|Any CPU.ActiveCfg = Release|Any CPU
		{9C119C3C-A3CF-5D22-9B25-E98672F8EB1E}.Release|Any CPU.Build.0 = Release|Any CPU
	EndGlobalSection
	GlobalSection(SolutionProperties) = preSolution
		HideSolutionNode = FALSE
	EndGlobalSection
	GlobalSection(MonoDevelopProperties) = preSolution
		StartupItem = Assembly-CSharp.csproj
	EndGlobalSection
EndGlobal
